
Microsoft Visual Studio Solution File, Format Version 12.00
# Visual Studio Version 17
VisualStudioVersion = 17.10.34928.147
MinimumVisualStudioVersion = 10.0.40219.1
Project("{FAE04EC0-301F-11D3-BF4B-00C04F79EFBC}") = "SLAU", "SLAU\SLAU.csproj", "{B93C3D40-E9A9-40F7-8CB2-CE4861932AFE}"
EndProject
Global
	GlobalSection(SolutionConfigurationPlatforms) = preSolution
		Debug|Any CPU = Debug|Any CPU
		Release|Any CPU = Release|Any CPU
	EndGlobalSection
	GlobalSection(ProjectConfigurationPlatforms) = postSolution
		{B93C3D40-E9A9-40F7-8CB2-CE4861932AFE}.Debug|Any CPU.ActiveCfg = Debug|Any CPU
		{B93C3D40-E9A9-40F7-8CB2-CE4861932AFE}.Debug|Any CPU.Build.0 = Debug|Any CPU
		{B93C3D40-E9A9-40F7-8CB2-CE4861932AFE}.Release|Any CPU.ActiveCfg = Release|Any CPU
		{B93C3D40-E9A9-40F7-8CB2-CE4861932AFE}.Release|Any CPU.Build.0 = Release|Any CPU
	EndGlobalSection
	GlobalSection(SolutionProperties) = preSolution
		HideSolutionNode = FALSE
	EndGlobalSection
	GlobalSection(ExtensibilityGlobals) = postSolution
		SolutionGuid = {12452536-0CF5-4E9E-A322-B28E8AF42559}
	EndGlobalSection
EndGlobal
